
Microsoft Visual Studio Solution File, Format Version 12.00
# Visual Studio Version 16
VisualStudioVersion = 16.0.31624.102
MinimumVisualStudioVersion = 10.0.40219.1
Project("{FAE04EC0-301F-11D3-BF4B-00C04F79EFBC}") = "ConsoleApp1", "ConsoleApp1.csproj", "{2FEC414D-F480-49CE-A013-E65B66F2F3E9}"
EndProject
Global
	GlobalSection(SolutionConfigurationPlatforms) = preSolution
		Debug|Any CPU = Debug|Any CPU
		Release|Any CPU = Release|Any CPU
	EndGlobalSection
	GlobalSection(ProjectConfigurationPlatforms) = postSolution
		{2FEC414D-F480-49CE-A013-E65B66F2F3E9}.Debug|Any CPU.ActiveCfg = Debug|Any CPU
		{2FEC414D-F480-49CE-A013-E65B66F2F3E9}.Debug|Any CPU.Build.0 = Debug|Any CPU
		{2FEC414D-F480-49CE-A013-E65B66F2F3E9}.Release|Any CPU.ActiveCfg = Release|Any CPU
		{2FEC414D-F480-49CE-A013-E65B66F2F3E9}.Release|Any CPU.Build.0 = Release|Any CPU
	EndGlobalSection
	GlobalSection(SolutionProperties) = preSolution
		HideSolutionNode = FALSE
	EndGlobalSection
	GlobalSection(ExtensibilityGlobals) = postSolution
		SolutionGuid = {33094BA1-0DBB-4C4B-BA6B-FE6833079501}
	EndGlobalSection
EndGlobal
